
Microsoft Visual Studio Solution File, Format Version 12.00
# Visual Studio Version 17
VisualStudioVersion = 17.8.34525.116
MinimumVisualStudioVersion = 10.0.40219.1
Project("{FAE04EC0-301F-11D3-BF4B-00C04F79EFBC}") = "se-csharp-iconnect", "se-csharp-iconnect.csproj", "{2A1C79E0-FC89-4FAA-8F2E-C33FFBE1EBF5}"
EndProject
Global
	GlobalSection(SolutionConfigurationPlatforms) = preSolution
		Debug|Any CPU = Debug|Any CPU
		Release|Any CPU = Release|Any CPU
	EndGlobalSection
	GlobalSection(ProjectConfigurationPlatforms) = postSolution
		{2A1C79E0-FC89-4FAA-8F2E-C33FFBE1EBF5}.Debug|Any CPU.ActiveCfg = Debug|Any CPU
		{2A1C79E0-FC89-4FAA-8F2E-C33FFBE1EBF5}.Debug|Any CPU.Build.0 = Debug|Any CPU
		{2A1C79E0-FC89-4FAA-8F2E-C33FFBE1EBF5}.Release|Any CPU.ActiveCfg = Release|Any CPU
		{2A1C79E0-FC89-4FAA-8F2E-C33FFBE1EBF5}.Release|Any CPU.Build.0 = Release|Any CPU
	EndGlobalSection
	GlobalSection(SolutionProperties) = preSolution
		HideSolutionNode = FALSE
	EndGlobalSection
	GlobalSection(ExtensibilityGlobals) = postSolution
		SolutionGuid = {B785182E-C234-44C4-95DD-375E33BF883B}
	EndGlobalSection
EndGlobal
